{
  "name": "enigma-oracles",
  "version": "0.0.0",
  "lockfileVersion": 3,
  "requires": true,
  "packages": {
    "": {
      "name": "enigma-oracles",
      "version": "0.0.0",
      "dependencies": {
        "@ondoher/enigma": "1.0.14"
      },
      "engines": {
        "node": ">=22.12"
      }
    },
    "node_modules/@ondoher/enigma": {
      "version": "1.0.14",
      "resolved": "https://registry.npmjs.org/@ondoher/enigma/-/enigma-1.0.14.tgz",
      "integrity": "sha512-hvrJHvfQTEY5ULArcWnoElcD8w70hJ/JE86EYQpDyszl9cxP5tKqb1PjSx5ULcbjTlkDSEEAY/Evxvs5KKBQNw==",
      "license": "MIT",
      "dependencies": {
        "@types/minimist": "^1.2.5",
        "minimist": "^1.2.8"
      }
    },
    "node_modules/@types/minimist": {
      "version": "1.2.5",
      "resolved": "https://registry.npmjs.org/@types/minimist/-/minimist-1.2.5.tgz",
      "integrity": "sha512-hov8bUuiLiyFPGyFPE1lwWhmzYbirOXQNNo40+y3zow8aFVTeyn3VWL0VFFfdNddA8S4Vf0Tc062rzyNr7Paag==",
      "license": "MIT"
    },
    "node_modules/minimist": {
      "version": "1.2.8",
      "resolved": "https://registry.npmjs.org/minimist/-/minimist-1.2.8.tgz",
      "integrity": "sha512-2yyAR8qBkN3YuheJanUpWC5U3bb5osDywNB8RzDVlDwDHbocAJveqqj1u8+SVD7jkWT4yvsHCpWqqWqAxb0zCA==",
      "license": "MIT",
      "funding": {
        "url": "https://github.com/sponsors/ljharb"
      }
    }
  }
}
